// !$*UTF8*$!
{
	archiveVersion = 1;
	classes = {
	};
	objectVersion = 46;
	objects = {

/* Begin PBXBuildFile section */
		52210AFA1CF60F3800547EB7 /* Mustache.framework in Frameworks */ = {isa = PBXBuildFile; fileRef = 52210AF91CF60F3800547EB7 /* Mustache.framework */; };
		52210AFB1CF60F3800547EB7 /* Mustache.framework in Embed Frameworks */ = {isa = PBXBuildFile; fileRef = 52210AF91CF60F3800547EB7 /* Mustache.framework */; settings = {ATTRIBUTES = (CodeSignOnCopy, RemoveHeadersOnCopy, ); }; };
		52210AFE1CF60F5100547EB7 /* Mustache.framework.dSYM in Embed Frameworks */ = {isa = PBXBuildFile; fileRef = 52210AFD1CF60F5100547EB7 /* Mustache.framework.dSYM */; };
		52210B001CF60FF000547EB7 /* document.mustache in Resources */ = {isa = PBXBuildFile; fileRef = 52210AFF1CF60FF000547EB7 /* document.mustache */; };
		52210B021CF6101600547EB7 /* PDFMustache.swift in Sources */ = {isa = PBXBuildFile; fileRef = 52210B011CF6101600547EB7 /* PDFMustache.swift */; };
		68D49C611C5E8B6900F5320D /* AppDelegate.swift in Sources */ = {isa = PBXBuildFile; fileRef = 68D49C601C5E8B6900F5320D /* AppDelegate.swift */; };
		68D49C631C5E8B6900F5320D /* Assets.xcassets in Resources */ = {isa = PBXBuildFile; fileRef = 68D49C621C5E8B6900F5320D /* Assets.xcassets */; };
		68D49C661C5E8B6900F5320D /* MainMenu.xib in Resources */ = {isa = PBXBuildFile; fileRef = 68D49C641C5E8B6900F5320D /* MainMenu.xib */; };
		68D49C6E1C5E96A200F5320D /* PDFConstants.swift in Sources */ = {isa = PBXBuildFile; fileRef = 68D49C6D1C5E96A200F5320D /* PDFConstants.swift */; };
/* End PBXBuildFile section */

/* Begin PBXCopyFilesBuildPhase section */
		52210AFC1CF60F3900547EB7 /* Embed Frameworks */ = {
			isa = PBXCopyFilesBuildPhase;
			buildActionMask = 2147483647;
			dstPath = "";
			dstSubfolderSpec = 10;
			files = (
				52210AFE1CF60F5100547EB7 /* Mustache.framework.dSYM in Embed Frameworks */,
				52210AFB1CF60F3800547EB7 /* Mustache.framework in Embed Frameworks */,
			);
			name = "Embed Frameworks";
			runOnlyForDeploymentPostprocessing = 0;
		};
/* End PBXCopyFilesBuildPhase section */

/* Begin PBXFileReference section */
		52210AF91CF60F3800547EB7 /* Mustache.framework */ = {isa = PBXFileReference; lastKnownFileType = wrapper.framework; name = Mustache.framework; path = Carthage/Build/Mac/Mustache.framework; sourceTree = "<group>"; };
		52210AFD1CF60F5100547EB7 /* Mustache.framework.dSYM */ = {isa = PBXFileReference; lastKnownFileType = wrapper.dsym; name = Mustache.framework.dSYM; path = Carthage/Build/Mac/Mustache.framework.dSYM; sourceTree = "<group>"; };
		52210AFF1CF60FF000547EB7 /* document.mustache */ = {isa = PBXFileReference; fileEncoding = 4; lastKnownFileType = text; path = document.mustache; sourceTree = "<group>"; };
		52210B011CF6101600547EB7 /* PDFMustache.swift */ = {isa = PBXFileReference; fileEncoding = 4; lastKnownFileType = sourcecode.swift; path = PDFMustache.swift; sourceTree = "<group>"; };
		68D49C5D1C5E8B6900F5320D /* SwiftPDFGeneration.app */ = {isa = PBXFileReference; explicitFileType = wrapper.application; includeInIndex = 0; path = SwiftPDFGeneration.app; sourceTree = BUILT_PRODUCTS_DIR; };
		68D49C601C5E8B6900F5320D /* AppDelegate.swift */ = {isa = PBXFileReference; lastKnownFileType = sourcecode.swift; path = AppDelegate.swift; sourceTree = "<group>"; };
		68D49C621C5E8B6900F5320D /* Assets.xcassets */ = {isa = PBXFileReference; lastKnownFileType = folder.assetcatalog; path = Assets.xcassets; sourceTree = "<group>"; };
		68D49C651C5E8B6900F5320D /* Base */ = {isa = PBXFileReference; lastKnownFileType = file.xib; name = Base; path = Base.lproj/MainMenu.xib; sourceTree = "<group>"; };
		68D49C671C5E8B6900F5320D /* Info.plist */ = {isa = PBXFileReference; lastKnownFileType = text.plist.xml; path = Info.plist; sourceTree = "<group>"; };
		68D49C6D1C5E96A200F5320D /* PDFConstants.swift */ = {isa = PBXFileReference; fileEncoding = 4; lastKnownFileType = sourcecode.swift; path = PDFConstants.swift; sourceTree = "<group>"; };
/* End PBXFileReference section */

/* Begin PBXFrameworksBuildPhase section */
		68D49C5A1C5E8B6900F5320D /* Frameworks */ = {
			isa = PBXFrameworksBuildPhase;
			buildActionMask = 2147483647;
			files = (
				52210AFA1CF60F3800547EB7 /* Mustache.framework in Frameworks */,
			);
			runOnlyForDeploymentPostprocessing = 0;
		};
/* End PBXFrameworksBuildPhase section */

/* Begin PBXGroup section */
		68D49C541C5E8B6900F5320D = {
			isa = PBXGroup;
			children = (
				52210AFD1CF60F5100547EB7 /* Mustache.framework.dSYM */,
				52210AF91CF60F3800547EB7 /* Mustache.framework */,
				68D49C5F1C5E8B6900F5320D /* SwiftPDFGeneration */,
				68D49C5E1C5E8B6900F5320D /* Products */,
			);
			sourceTree = "<group>";
		};
		68D49C5E1C5E8B6900F5320D /* Products */ = {
			isa = PBXGroup;
			children = (
				68D49C5D1C5E8B6900F5320D /* SwiftPDFGeneration.app */,
			);
			name = Products;
			sourceTree = "<group>";
		};
		68D49C5F1C5E8B6900F5320D /* SwiftPDFGeneration */ = {
			isa = PBXGroup;
			children = (
				68D49C601C5E8B6900F5320D /* AppDelegate.swift */,
				68D49C621C5E8B6900F5320D /* Assets.xcassets */,
				68D49C641C5E8B6900F5320D /* MainMenu.xib */,
				68D49C671C5E8B6900F5320D /* Info.plist */,
				68D49C6D1C5E96A200F5320D /* PDFConstants.swift */,
				52210AFF1CF60FF000547EB7 /* document.mustache */,
				52210B011CF6101600547EB7 /* PDFMustache.swift */,
			);
			path = SwiftPDFGeneration;
			sourceTree = "<group>";
		};
/* End PBXGroup section */

/* Begin PBXNativeTarget section */
		68D49C5C1C5E8B6900F5320D /* SwiftPDFGeneration */ = {
			isa = PBXNativeTarget;
			buildConfigurationList = 68D49C6A1C5E8B6900F5320D /* Build configuration list for PBXNativeTarget "SwiftPDFGeneration" */;
			buildPhases = (
				68D49C591C5E8B6900F5320D /* Sources */,
				68D49C5A1C5E8B6900F5320D /* Frameworks */,
				68D49C5B1C5E8B6900F5320D /* Resources */,
				52210AFC1CF60F3900547EB7 /* Embed Frameworks */,
			);
			buildRules = (
			);
			dependencies = (
			);
			name = SwiftPDFGeneration;
			productName = SwiftPDFGeneration;
			productReference = 68D49C5D1C5E8B6900F5320D /* SwiftPDFGeneration.app */;
			productType = "com.apple.product-type.application";
		};
/* End PBXNativeTarget section */

/* Begin PBXProject section */
		68D49C551C5E8B6900F5320D /* Project object */ = {
			isa = PBXProject;
			attributes = {
				LastUpgradeCheck = 0700;
				ORGANIZATIONNAME = Knowstack;
				TargetAttributes = {
					68D49C5C1C5E8B6900F5320D = {
						CreatedOnToolsVersion = 7.0;
					};
				};
			};
			buildConfigurationList = 68D49C581C5E8B6900F5320D /* Build configuration list for PBXProject "SwiftPDFGeneration" */;
			compatibilityVersion = "Xcode 3.2";
			developmentRegion = English;
			hasScannedForEncodings = 0;
			knownRegions = (
				en,
				Base,
			);
			mainGroup = 68D49C541C5E8B6900F5320D;
			productRefGroup = 68D49C5E1C5E8B6900F5320D /* Products */;
			projectDirPath = "";
			projectRoot = "";
			targets = (
				68D49C5C1C5E8B6900F5320D /* SwiftPDFGeneration */,
			);
		};
/* End PBXProject section */

/* Begin PBXResourcesBuildPhase section */
		68D49C5B1C5E8B6900F5320D /* Resources */ = {
			isa = PBXResourcesBuildPhase;
			buildActionMask = 2147483647;
			files = (
				52210B001CF60FF000547EB7 /* document.mustache in Resources */,
				68D49C631C5E8B6900F5320D /* Assets.xcassets in Resources */,
				68D49C661C5E8B6900F5320D /* MainMenu.xib in Resources */,
			);
			runOnlyForDeploymentPostprocessing = 0;
		};
/* End PBXResourcesBuildPhase section */

/* Begin PBXSourcesBuildPhase section */
		68D49C591C5E8B6900F5320D /* Sources */ = {
			isa = PBXSourcesBuildPhase;
			buildActionMask = 2147483647;
			files = (
				52210B021CF6101600547EB7 /* PDFMustache.swift in Sources */,
				68D49C6E1C5E96A200F5320D /* PDFConstants.swift in Sources */,
				68D49C611C5E8B6900F5320D /* AppDelegate.swift in Sources */,
			);
			runOnlyForDeploymentPostprocessing = 0;
		};
/* End PBXSourcesBuildPhase section */

/* Begin PBXVariantGroup section */
		68D49C641C5E8B6900F5320D /* MainMenu.xib */ = {
			isa = PBXVariantGroup;
			children = (
				68D49C651C5E8B6900F5320D /* Base */,
			);
			name = MainMenu.xib;
			sourceTree = "<group>";
		};
/* End PBXVariantGroup section */

/* Begin XCBuildConfiguration section */
		68D49C681C5E8B6900F5320D /* Debug */ = {
			isa = XCBuildConfiguration;
			buildSettings = {
				ALWAYS_SEARCH_USER_PATHS = NO;
				CLANG_CXX_LANGUAGE_STANDARD = "gnu++0x";
				CLANG_CXX_LIBRARY = "libc++";
				CLANG_ENABLE_MODULES = YES;
				CLANG_ENABLE_OBJC_ARC = YES;
				CLANG_WARN_BOOL_CONVERSION = YES;
				CLANG_WARN_CONSTANT_CONVERSION = YES;
				CLANG_WARN_DIRECT_OBJC_ISA_USAGE = YES_ERROR;
				CLANG_WARN_EMPTY_BODY = YES;
				CLANG_WARN_ENUM_CONVERSION = YES;
				CLANG_WARN_INT_CONVERSION = YES;
				CLANG_WARN_OBJC_ROOT_CLASS = YES_ERROR;
				CLANG_WARN_UNREACHABLE_CODE = YES;
				CLANG_WARN__DUPLICATE_METHOD_MATCH = YES;
				CODE_SIGN_IDENTITY = "-";
				COPY_PHASE_STRIP = NO;
				DEBUG_INFORMATION_FORMAT = dwarf;
				ENABLE_STRICT_OBJC_MSGSEND = YES;
				ENABLE_TESTABILITY = YES;
				GCC_C_LANGUAGE_STANDARD = gnu99;
				GCC_DYNAMIC_NO_PIC = NO;
				GCC_NO_COMMON_BLOCKS = YES;
				GCC_OPTIMIZATION_LEVEL = 0;
				GCC_PREPROCESSOR_DEFINITIONS = (
					"DEBUG=1",
					"$(inherited)",
				);
				GCC_WARN_64_TO_32_BIT_CONVERSION = YES;
				GCC_WARN_ABOUT_RETURN_TYPE = YES_ERROR;
				GCC_WARN_UNDECLARED_SELECTOR = YES;
				GCC_WARN_UNINITIALIZED_AUTOS = YES_AGGRESSIVE;
				GCC_WARN_UNUSED_FUNCTION = YES;
				GCC_WARN_UNUSED_VARIABLE = YES;
				MACOSX_DEPLOYMENT_TARGET = 10.10;
				MTL_ENABLE_DEBUG_INFO = YES;
				ONLY_ACTIVE_ARCH = YES;
				SDKROOT = macosx;
				SWIFT_OPTIMIZATION_LEVEL = "-Onone";
			};
			name = Debug;
		};
		68D49C691C5E8B6900F5320D /* Release */ = {
			isa = XCBuildConfiguration;
			buildSettings = {
				ALWAYS_SEARCH_USER_PATHS = NO;
				CLANG_CXX_LANGUAGE_STANDARD = "gnu++0x";
				CLANG_CXX_LIBRARY = "libc++";
				CLANG_ENABLE_MODULES = YES;
				CLANG_ENABLE_OBJC_ARC = YES;
				CLANG_WARN_BOOL_CONVERSION = YES;
				CLANG_WARN_CONSTANT_CONVERSION = YES;
				CLANG_WARN_DIRECT_OBJC_ISA_USAGE = YES_ERROR;
				CLANG_WARN_EMPTY_BODY = YES;
				CLANG_WARN_ENUM_CONVERSION = YES;
				CLANG_WARN_INT_CONVERSION = YES;
				CLANG_WARN_OBJC_ROOT_CLASS = YES_ERROR;
				CLANG_WARN_UNREACHABLE_CODE = YES;
				CLANG_WARN__DUPLICATE_METHOD_MATCH = YES;
				CODE_SIGN_IDENTITY = "-";
				COPY_PHASE_STRIP = NO;
				DEBUG_INFORMATION_FORMAT = "dwarf-with-dsym";
				ENABLE_NS_ASSERTIONS = NO;
				ENABLE_STRICT_OBJC_MSGSEND = YES;
				GCC_C_LANGUAGE_STANDARD = gnu99;
				GCC_NO_COMMON_BLOCKS = YES;
				GCC_WARN_64_TO_32_BIT_CONVERSION = YES;
				GCC_WARN_ABOUT_RETURN_TYPE = YES_ERROR;
				GCC_WARN_UNDECLARED_SELECTOR = YES;
				GCC_WARN_UNINITIALIZED_AUTOS = YES_AGGRESSIVE;
				GCC_WARN_UNUSED_FUNCTION = YES;
				GCC_WARN_UNUSED_VARIABLE = YES;
				MACOSX_DEPLOYMENT_TARGET = 10.10;
				MTL_ENABLE_DEBUG_INFO = NO;
				SDKROOT = macosx;
			};
			name = Release;
		};
		68D49C6B1C5E8B6900F5320D /* Debug */ = {
			isa = XCBuildConfiguration;
			buildSettings = {
				ASSETCATALOG_COMPILER_APPICON_NAME = AppIcon;
				COMBINE_HIDPI_IMAGES = YES;
				FRAMEWORK_SEARCH_PATHS = (
					"$(inherited)",
					"$(PROJECT_DIR)/Carthage/Build/Mac",
				);
				INFOPLIST_FILE = SwiftPDFGeneration/Info.plist;
				LD_RUNPATH_SEARCH_PATHS = "$(inherited) @executable_path/../Frameworks";
				PRODUCT_BUNDLE_IDENTIFIER = KS.SwiftPDFGeneration;
				PRODUCT_NAME = "$(TARGET_NAME)";
			};
			name = Debug;
		};
		68D49C6C1C5E8B6900F5320D /* Release */ = {
			isa = XCBuildConfiguration;
			buildSettings = {
				ASSETCATALOG_COMPILER_APPICON_NAME = AppIcon;
				COMBINE_HIDPI_IMAGES = YES;
				FRAMEWORK_SEARCH_PATHS = (
					"$(inherited)",
					"$(PROJECT_DIR)/Carthage/Build/Mac",
				);
				INFOPLIST_FILE = SwiftPDFGeneration/Info.plist;
				LD_RUNPATH_SEARCH_PATHS = "$(inherited) @executable_path/../Frameworks";
				PRODUCT_BUNDLE_IDENTIFIER = KS.SwiftPDFGeneration;
				PRODUCT_NAME = "$(TARGET_NAME)";
			};
			name = Release;
		};
/* End XCBuildConfiguration section */

/* Begin XCConfigurationList section */
		68D49C581C5E8B6900F5320D /* Build configuration list for PBXProject "SwiftPDFGeneration" */ = {
			isa = XCConfigurationList;
			buildConfigurations = (
				68D49C681C5E8B6900F5320D /* Debug */,
				68D49C691C5E8B6900F5320D /* Release */,
			);
			defaultConfigurationIsVisible = 0;
			defaultConfigurationName = Release;
		};
		68D49C6A1C5E8B6900F5320D /* Build configuration list for PBXNativeTarget "SwiftPDFGeneration" */ = {
			isa = XCConfigurationList;
			buildConfigurations = (
				68D49C6B1C5E8B6900F5320D /* Debug */,
				68D49C6C1C5E8B6900F5320D /* Release */,
			);
			defaultConfigurationIsVisible = 0;
			defaultConfigurationName = Release;
		};
/* End XCConfigurationList section */
	};
	rootObject = 68D49C551C5E8B6900F5320D /* Project object */;
}
